
Microsoft Visual Studio Solution File, Format Version 12.00
# Visual Studio Version 17
VisualStudioVersion = 17.7.34202.233
MinimumVisualStudioVersion = 10.0.40219.1
Project("{FAE04EC0-301F-11D3-BF4B-00C04F79EFBC}") = "E-Book eproject", "E-Book eproject\E-Book eproject.csproj", "{7C85C33E-8614-46FB-929F-AD4E922247E2}"
EndProject
Global
	GlobalSection(SolutionConfigurationPlatforms) = preSolution
		Debug|Any CPU = Debug|Any CPU
		Release|Any CPU = Release|Any CPU
	EndGlobalSection
	GlobalSection(ProjectConfigurationPlatforms) = postSolution
		{7C85C33E-8614-46FB-929F-AD4E922247E2}.Debug|Any CPU.ActiveCfg = Debug|Any CPU
		{7C85C33E-8614-46FB-929F-AD4E922247E2}.Debug|Any CPU.Build.0 = Debug|Any CPU
		{7C85C33E-8614-46FB-929F-AD4E922247E2}.Release|Any CPU.ActiveCfg = Release|Any CPU
		{7C85C33E-8614-46FB-929F-AD4E922247E2}.Release|Any CPU.Build.0 = Release|Any CPU
	EndGlobalSection
	GlobalSection(SolutionProperties) = preSolution
		HideSolutionNode = FALSE
	EndGlobalSection
	GlobalSection(ExtensibilityGlobals) = postSolution
		SolutionGuid = {869B7D56-8607-46E1-9DE6-69AF744D5F4D}
	EndGlobalSection
EndGlobal
